github.com/boltdb/bolt v1.3.1 h1:JQmyP4ZBrce+ZQu0dY660FMfatumYDLun9hBCUVIkF4=
github.com/boltdb/bolt v1.3.1/go.mod h1:clJnj/oiGkjum5o1McbSZDSLxVThjynRyGBgiAx27Ps=
github.com/hashicorp/yamux v0.0.0-20190923154419-df201c70410d h1:W+SIwDdl3+jXWeidYySAgzytE3piq6GumXeBjFBG67c=
github.com/hashicorp/yamux v0.0.0-20190923154419-df201c70410d/go.mod h1:+NfK9FKeTrX5uv1uIXGdwYDTeHna2qgaIlx54MXqjAM=
golang.org/x/sys v0.1.0 h1:kunALQeHf1/185U1i0GOB/fy1IPRDDpuoOOqRReG57U=
golang.org/x/sys v0.1.0/go.mod h1:oPkhp1MJrh7nUepCBck5+mAzfO9JrbApNNgaTdGDITg=
